
Microsoft Visual Studio Solution File, Format Version 12.00
# Visual Studio Version 17
VisualStudioVersion = 17.8.34309.116
MinimumVisualStudioVersion = 10.0.40219.1
Project("{FAE04EC0-301F-11D3-BF4B-00C04F79EFBC}") = "ConsoleApp9", "ConsoleApp9\ConsoleApp9.csproj", "{A58D0D38-A16B-403D-BED1-92A39C3491FF}"
EndProject
Global
	GlobalSection(SolutionConfigurationPlatforms) = preSolution
		Debug|Any CPU = Debug|Any CPU
		Release|Any CPU = Release|Any CPU
	EndGlobalSection
	GlobalSection(ProjectConfigurationPlatforms) = postSolution
		{A58D0D38-A16B-403D-BED1-92A39C3491FF}.Debug|Any CPU.ActiveCfg = Debug|Any CPU
		{A58D0D38-A16B-403D-BED1-92A39C3491FF}.Debug|Any CPU.Build.0 = Debug|Any CPU
		{A58D0D38-A16B-403D-BED1-92A39C3491FF}.Release|Any CPU.ActiveCfg = Release|Any CPU
		{A58D0D38-A16B-403D-BED1-92A39C3491FF}.Release|Any CPU.Build.0 = Release|Any CPU
	EndGlobalSection
	GlobalSection(SolutionProperties) = preSolution
		HideSolutionNode = FALSE
	EndGlobalSection
	GlobalSection(ExtensibilityGlobals) = postSolution
		SolutionGuid = {266A732A-96FB-40B2-A3F3-93E1C6CB2A57}
	EndGlobalSection
EndGlobal
